
Microsoft Visual Studio Solution File, Format Version 12.00
# Visual Studio Version 16
VisualStudioVersion = 16.0.29806.167
MinimumVisualStudioVersion = 10.0.40219.1
Project("{9A19103F-16F7-4668-BE54-9A1E7A4F7556}") = "CalculatorBE", "CalculatorBE\CalculatorBE.csproj", "{2C382DC6-C2D9-426E-B14C-076BB9E9109F}"
EndProject
Project("{9A19103F-16F7-4668-BE54-9A1E7A4F7556}") = "CalculatorTest", "CalculatorTest\CalculatorTest.csproj", "{72A03594-4259-487D-8BFD-11F824299D69}"
EndProject
Project("{FAE04EC0-301F-11D3-BF4B-00C04F79EFBC}") = "CalculatorFE", "CalculatorFE\CalculatorFE.csproj", "{1BC764EE-2110-46C5-8988-C3FC74A637FA}"
EndProject
Global
	GlobalSection(SolutionConfigurationPlatforms) = preSolution
		Debug|Any CPU = Debug|Any CPU
		Release|Any CPU = Release|Any CPU
	EndGlobalSection
	GlobalSection(ProjectConfigurationPlatforms) = postSolution
		{2C382DC6-C2D9-426E-B14C-076BB9E9109F}.Debug|Any CPU.ActiveCfg = Debug|Any CPU
		{2C382DC6-C2D9-426E-B14C-076BB9E9109F}.Debug|Any CPU.Build.0 = Debug|Any CPU
		{2C382DC6-C2D9-426E-B14C-076BB9E9109F}.Release|Any CPU.ActiveCfg = Release|Any CPU
		{2C382DC6-C2D9-426E-B14C-076BB9E9109F}.Release|Any CPU.Build.0 = Release|Any CPU
		{72A03594-4259-487D-8BFD-11F824299D69}.Debug|Any CPU.ActiveCfg = Debug|Any CPU
		{72A03594-4259-487D-8BFD-11F824299D69}.Debug|Any CPU.Build.0 = Debug|Any CPU
		{72A03594-4259-487D-8BFD-11F824299D69}.Release|Any CPU.ActiveCfg = Release|Any CPU
		{72A03594-4259-487D-8BFD-11F824299D69}.Release|Any CPU.Build.0 = Release|Any CPU
		{1BC764EE-2110-46C5-8988-C3FC74A637FA}.Debug|Any CPU.ActiveCfg = Debug|Any CPU
		{1BC764EE-2110-46C5-8988-C3FC74A637FA}.Debug|Any CPU.Build.0 = Debug|Any CPU
		{1BC764EE-2110-46C5-8988-C3FC74A637FA}.Release|Any CPU.ActiveCfg = Release|Any CPU
		{1BC764EE-2110-46C5-8988-C3FC74A637FA}.Release|Any CPU.Build.0 = Release|Any CPU
	EndGlobalSection
	GlobalSection(SolutionProperties) = preSolution
		HideSolutionNode = FALSE
	EndGlobalSection
	GlobalSection(ExtensibilityGlobals) = postSolution
		SolutionGuid = {0F126980-9709-44F3-97B6-91298563D249}
	EndGlobalSection
EndGlobal
